
Microsoft Visual Studio Solution File, Format Version 12.00
# Visual Studio Version 17
VisualStudioVersion = 17.10.35013.160
MinimumVisualStudioVersion = 10.0.40219.1
Project("{FAE04EC0-301F-11D3-BF4B-00C04F79EFBC}") = "ConsoleApp1", "ConsoleApp1\ConsoleApp1.csproj", "{541F05D5-6191-47BA-B73A-565A0401EA66}"
EndProject
Global
	GlobalSection(SolutionConfigurationPlatforms) = preSolution
		Debug|Any CPU = Debug|Any CPU
		Release|Any CPU = Release|Any CPU
	EndGlobalSection
	GlobalSection(ProjectConfigurationPlatforms) = postSolution
		{541F05D5-6191-47BA-B73A-565A0401EA66}.Debug|Any CPU.ActiveCfg = Debug|Any CPU
		{541F05D5-6191-47BA-B73A-565A0401EA66}.Debug|Any CPU.Build.0 = Debug|Any CPU
		{541F05D5-6191-47BA-B73A-565A0401EA66}.Release|Any CPU.ActiveCfg = Release|Any CPU
		{541F05D5-6191-47BA-B73A-565A0401EA66}.Release|Any CPU.Build.0 = Release|Any CPU
	EndGlobalSection
	GlobalSection(SolutionProperties) = preSolution
		HideSolutionNode = FALSE
	EndGlobalSection
	GlobalSection(ExtensibilityGlobals) = postSolution
		SolutionGuid = {BEE4CB14-80D0-4A0C-870F-FD84FC1D865D}
	EndGlobalSection
EndGlobal
